
Microsoft Visual Studio Solution File, Format Version 12.00
# Visual Studio Version 17
VisualStudioVersion = 17.6.33801.468
MinimumVisualStudioVersion = 10.0.40219.1
Project("{FAE04EC0-301F-11D3-BF4B-00C04F79EFBC}") = "Bogus.Demo", "Bogus.Demo\Bogus.Demo.csproj", "{887B118D-26E3-44C9-AE13-41EBD13C8EE7}"
EndProject
Global
	GlobalSection(SolutionConfigurationPlatforms) = preSolution
		Debug|Any CPU = Debug|Any CPU
		Release|Any CPU = Release|Any CPU
	EndGlobalSection
	GlobalSection(ProjectConfigurationPlatforms) = postSolution
		{887B118D-26E3-44C9-AE13-41EBD13C8EE7}.Debug|Any CPU.ActiveCfg = Debug|Any CPU
		{887B118D-26E3-44C9-AE13-41EBD13C8EE7}.Debug|Any CPU.Build.0 = Debug|Any CPU
		{887B118D-26E3-44C9-AE13-41EBD13C8EE7}.Release|Any CPU.ActiveCfg = Release|Any CPU
		{887B118D-26E3-44C9-AE13-41EBD13C8EE7}.Release|Any CPU.Build.0 = Release|Any CPU
	EndGlobalSection
	GlobalSection(SolutionProperties) = preSolution
		HideSolutionNode = FALSE
	EndGlobalSection
	GlobalSection(ExtensibilityGlobals) = postSolution
		SolutionGuid = {69D567C6-A35F-4606-B507-295738737C32}
	EndGlobalSection
EndGlobal
